
Microsoft Visual Studio Solution File, Format Version 12.00
# Visual Studio Version 16
VisualStudioVersion = 16.0.29123.88
MinimumVisualStudioVersion = 10.0.40219.1
Project("{9A19103F-16F7-4668-BE54-9A1E7A4F7556}") = "GradeView", "GradeView.csproj", "{8EE85DF0-69A3-46A9-93DA-D17261A0786F}"
EndProject
Global
	GlobalSection(SolutionConfigurationPlatforms) = preSolution
		Debug|Any CPU = Debug|Any CPU
		Release|Any CPU = Release|Any CPU
	EndGlobalSection
	GlobalSection(ProjectConfigurationPlatforms) = postSolution
		{8EE85DF0-69A3-46A9-93DA-D17261A0786F}.Debug|Any CPU.ActiveCfg = Debug|Any CPU
		{8EE85DF0-69A3-46A9-93DA-D17261A0786F}.Debug|Any CPU.Build.0 = Debug|Any CPU
		{8EE85DF0-69A3-46A9-93DA-D17261A0786F}.Release|Any CPU.ActiveCfg = Release|Any CPU
		{8EE85DF0-69A3-46A9-93DA-D17261A0786F}.Release|Any CPU.Build.0 = Release|Any CPU
	EndGlobalSection
	GlobalSection(SolutionProperties) = preSolution
		HideSolutionNode = FALSE
	EndGlobalSection
	GlobalSection(ExtensibilityGlobals) = postSolution
		SolutionGuid = {4F64A50A-288D-4775-A203-816AC69382BF}
	EndGlobalSection
	GlobalSection(TeamFoundationVersionControl) = preSolution
		SccNumberOfProjects = 2
		SccEnterpriseProvider = {4CA58AB2-18FA-4F8D-95D4-32DDF27D184C}
		SccTeamFoundationServer = https://osisa.visualstudio.com/defaultcollection
		SccLocalPath0 = .
		SccProjectUniqueName1 = GradeView.csproj
		SccLocalPath1 = .
	EndGlobalSection
EndGlobal
